
Microsoft Visual Studio Solution File, Format Version 12.00
# Visual Studio Version 17
VisualStudioVersion = 17.10.35027.167
MinimumVisualStudioVersion = 10.0.40219.1
Project("{FAE04EC0-301F-11D3-BF4B-00C04F79EFBC}") = "Wukong Game", "Wukong Game.csproj", "{7E9B33E6-C988-48CD-9E1D-C0255C32E9CC}"
EndProject
Global
	GlobalSection(SolutionConfigurationPlatforms) = preSolution
		Debug|Any CPU = Debug|Any CPU
		Release|Any CPU = Release|Any CPU
	EndGlobalSection
	GlobalSection(ProjectConfigurationPlatforms) = postSolution
		{7E9B33E6-C988-48CD-9E1D-C0255C32E9CC}.Debug|Any CPU.ActiveCfg = Debug|Any CPU
		{7E9B33E6-C988-48CD-9E1D-C0255C32E9CC}.Debug|Any CPU.Build.0 = Debug|Any CPU
		{7E9B33E6-C988-48CD-9E1D-C0255C32E9CC}.Release|Any CPU.ActiveCfg = Release|Any CPU
		{7E9B33E6-C988-48CD-9E1D-C0255C32E9CC}.Release|Any CPU.Build.0 = Release|Any CPU
	EndGlobalSection
	GlobalSection(SolutionProperties) = preSolution
		HideSolutionNode = FALSE
	EndGlobalSection
	GlobalSection(ExtensibilityGlobals) = postSolution
		SolutionGuid = {7FC67D73-5072-4685-8E93-7A24EA6BECEE}
	EndGlobalSection
EndGlobal
